
Microsoft Visual Studio Solution File, Format Version 12.00
# Visual Studio Version 17
VisualStudioVersion = 17.2.32516.85
MinimumVisualStudioVersion = 10.0.40219.1
Project("{FAE04EC0-301F-11D3-BF4B-00C04F79EFBC}") = "Domain", "Domain\Domain.csproj", "{C4D273D2-81BE-4049-B25D-CAB92F87FB66}"
EndProject
Project("{FAE04EC0-301F-11D3-BF4B-00C04F79EFBC}") = "Persistence", "Persistence\Persistence.csproj", "{1840513B-C7C9-4664-93B7-F77AB8E5493B}"
EndProject
Project("{FAE04EC0-301F-11D3-BF4B-00C04F79EFBC}") = "Presentation", "Presentation\Presentation.csproj", "{FA5841DA-E036-4865-B22B-5FDD0AAE93C5}"
EndProject
Project("{FAE04EC0-301F-11D3-BF4B-00C04F79EFBC}") = "Cui", "Cui\Cui.csproj", "{8BB9FB9F-C640-486B-9333-A1CFFA8E2E43}"
EndProject
Project("{FAE04EC0-301F-11D3-BF4B-00C04F79EFBC}") = "StartUp", "StartUp\StartUp.csproj", "{BA8F03D5-D96F-427B-9B8E-A34371902338}"
EndProject
Global
	GlobalSection(SolutionConfigurationPlatforms) = preSolution
		Debug|Any CPU = Debug|Any CPU
		Release|Any CPU = Release|Any CPU
	EndGlobalSection
	GlobalSection(ProjectConfigurationPlatforms) = postSolution
		{C4D273D2-81BE-4049-B25D-CAB92F87FB66}.Debug|Any CPU.ActiveCfg = Debug|Any CPU
		{C4D273D2-81BE-4049-B25D-CAB92F87FB66}.Debug|Any CPU.Build.0 = Debug|Any CPU
		{C4D273D2-81BE-4049-B25D-CAB92F87FB66}.Release|Any CPU.ActiveCfg = Release|Any CPU
		{C4D273D2-81BE-4049-B25D-CAB92F87FB66}.Release|Any CPU.Build.0 = Release|Any CPU
		{1840513B-C7C9-4664-93B7-F77AB8E5493B}.Debug|Any CPU.ActiveCfg = Debug|Any CPU
		{1840513B-C7C9-4664-93B7-F77AB8E5493B}.Debug|Any CPU.Build.0 = Debug|Any CPU
		{1840513B-C7C9-4664-93B7-F77AB8E5493B}.Release|Any CPU.ActiveCfg = Release|Any CPU
		{1840513B-C7C9-4664-93B7-F77AB8E5493B}.Release|Any CPU.Build.0 = Release|Any CPU
		{FA5841DA-E036-4865-B22B-5FDD0AAE93C5}.Debug|Any CPU.ActiveCfg = Debug|Any CPU
		{FA5841DA-E036-4865-B22B-5FDD0AAE93C5}.Debug|Any CPU.Build.0 = Debug|Any CPU
		{FA5841DA-E036-4865-B22B-5FDD0AAE93C5}.Release|Any CPU.ActiveCfg = Release|Any CPU
		{FA5841DA-E036-4865-B22B-5FDD0AAE93C5}.Release|Any CPU.Build.0 = Release|Any CPU
		{8BB9FB9F-C640-486B-9333-A1CFFA8E2E43}.Debug|Any CPU.ActiveCfg = Debug|Any CPU
		{8BB9FB9F-C640-486B-9333-A1CFFA8E2E43}.Debug|Any CPU.Build.0 = Debug|Any CPU
		{8BB9FB9F-C640-486B-9333-A1CFFA8E2E43}.Release|Any CPU.ActiveCfg = Release|Any CPU
		{8BB9FB9F-C640-486B-9333-A1CFFA8E2E43}.Release|Any CPU.Build.0 = Release|Any CPU
		{BA8F03D5-D96F-427B-9B8E-A34371902338}.Debug|Any CPU.ActiveCfg = Debug|Any CPU
		{BA8F03D5-D96F-427B-9B8E-A34371902338}.Debug|Any CPU.Build.0 = Debug|Any CPU
		{BA8F03D5-D96F-427B-9B8E-A34371902338}.Release|Any CPU.ActiveCfg = Release|Any CPU
		{BA8F03D5-D96F-427B-9B8E-A34371902338}.Release|Any CPU.Build.0 = Release|Any CPU
	EndGlobalSection
	GlobalSection(SolutionProperties) = preSolution
		HideSolutionNode = FALSE
	EndGlobalSection
	GlobalSection(ExtensibilityGlobals) = postSolution
		SolutionGuid = {C5A1C451-EAD8-44C4-BDF0-77EDF660FDA2}
	EndGlobalSection
EndGlobal
