
Microsoft Visual Studio Solution File, Format Version 12.00
# Visual Studio Version 17
VisualStudioVersion = 17.6.33712.159
MinimumVisualStudioVersion = 10.0.40219.1
Project("{9A19103F-16F7-4668-BE54-9A1E7A4F7556}") = "RentACar.DL", "RentACar.DL\RentACar.DL.csproj", "{92C16FFE-85BE-4D27-90FF-25348A574C0A}"
EndProject
Project("{9A19103F-16F7-4668-BE54-9A1E7A4F7556}") = "RentACar.BL", "RentACar.BL\RentACar.BL.csproj", "{7EEAD95D-0DD3-419B-9E96-580905AE27FC}"
EndProject
Project("{2150E333-8FDC-42A3-9474-1A3956D46DE8}") = "Testen", "Testen", "{CCC6D29B-53E0-4297-A522-62672420BD54}"
EndProject
Project("{9A19103F-16F7-4668-BE54-9A1E7A4F7556}") = "RentACar.UI", "RentACar.UI\RentACar.UI.csproj", "{1E859BA5-D5E2-4B87-944A-C3C9BA284F8B}"
EndProject
Project("{FAE04EC0-301F-11D3-BF4B-00C04F79EFBC}") = "ConsoleApps", "ConsoleApps\ConsoleApps.csproj", "{E6DDFEE2-35A3-4008-BC8F-9D3D0782656D}"
EndProject
Project("{FAE04EC0-301F-11D3-BF4B-00C04F79EFBC}") = "TestDomein", "TestDomein\TestDomein.csproj", "{4037CD50-4D5C-4500-9DF5-CF9355E5406E}"
EndProject
Global
	GlobalSection(SolutionConfigurationPlatforms) = preSolution
		Debug|Any CPU = Debug|Any CPU
		Release|Any CPU = Release|Any CPU
	EndGlobalSection
	GlobalSection(ProjectConfigurationPlatforms) = postSolution
		{92C16FFE-85BE-4D27-90FF-25348A574C0A}.Debug|Any CPU.ActiveCfg = Debug|Any CPU
		{92C16FFE-85BE-4D27-90FF-25348A574C0A}.Debug|Any CPU.Build.0 = Debug|Any CPU
		{92C16FFE-85BE-4D27-90FF-25348A574C0A}.Release|Any CPU.ActiveCfg = Release|Any CPU
		{92C16FFE-85BE-4D27-90FF-25348A574C0A}.Release|Any CPU.Build.0 = Release|Any CPU
		{7EEAD95D-0DD3-419B-9E96-580905AE27FC}.Debug|Any CPU.ActiveCfg = Debug|Any CPU
		{7EEAD95D-0DD3-419B-9E96-580905AE27FC}.Debug|Any CPU.Build.0 = Debug|Any CPU
		{7EEAD95D-0DD3-419B-9E96-580905AE27FC}.Release|Any CPU.ActiveCfg = Release|Any CPU
		{7EEAD95D-0DD3-419B-9E96-580905AE27FC}.Release|Any CPU.Build.0 = Release|Any CPU
		{1E859BA5-D5E2-4B87-944A-C3C9BA284F8B}.Debug|Any CPU.ActiveCfg = Debug|Any CPU
		{1E859BA5-D5E2-4B87-944A-C3C9BA284F8B}.Debug|Any CPU.Build.0 = Debug|Any CPU
		{1E859BA5-D5E2-4B87-944A-C3C9BA284F8B}.Release|Any CPU.ActiveCfg = Release|Any CPU
		{1E859BA5-D5E2-4B87-944A-C3C9BA284F8B}.Release|Any CPU.Build.0 = Release|Any CPU
		{E6DDFEE2-35A3-4008-BC8F-9D3D0782656D}.Debug|Any CPU.ActiveCfg = Debug|Any CPU
		{E6DDFEE2-35A3-4008-BC8F-9D3D0782656D}.Debug|Any CPU.Build.0 = Debug|Any CPU
		{E6DDFEE2-35A3-4008-BC8F-9D3D0782656D}.Release|Any CPU.ActiveCfg = Release|Any CPU
		{E6DDFEE2-35A3-4008-BC8F-9D3D0782656D}.Release|Any CPU.Build.0 = Release|Any CPU
		{4037CD50-4D5C-4500-9DF5-CF9355E5406E}.Debug|Any CPU.ActiveCfg = Debug|Any CPU
		{4037CD50-4D5C-4500-9DF5-CF9355E5406E}.Debug|Any CPU.Build.0 = Debug|Any CPU
		{4037CD50-4D5C-4500-9DF5-CF9355E5406E}.Release|Any CPU.ActiveCfg = Release|Any CPU
		{4037CD50-4D5C-4500-9DF5-CF9355E5406E}.Release|Any CPU.Build.0 = Release|Any CPU
	EndGlobalSection
	GlobalSection(SolutionProperties) = preSolution
		HideSolutionNode = FALSE
	EndGlobalSection
	GlobalSection(NestedProjects) = preSolution
		{4037CD50-4D5C-4500-9DF5-CF9355E5406E} = {CCC6D29B-53E0-4297-A522-62672420BD54}
	EndGlobalSection
	GlobalSection(ExtensibilityGlobals) = postSolution
		SolutionGuid = {B33FE6CB-E77C-4E13-BCEC-4954192CBC95}
	EndGlobalSection
EndGlobal
